
Microsoft Visual Studio Solution File, Format Version 12.00
# Visual Studio Version 17
VisualStudioVersion = 17.6.33712.159
MinimumVisualStudioVersion = 10.0.40219.1
Project("{FAE04EC0-301F-11D3-BF4B-00C04F79EFBC}") = "WebApplication1", "WebApplication1\WebApplication1.csproj", "{F37EE159-18AF-49E8-ACD9-DE98CE57FB15}"
EndProject
Global
	GlobalSection(SolutionConfigurationPlatforms) = preSolution
		Debug|Any CPU = Debug|Any CPU
		Release|Any CPU = Release|Any CPU
	EndGlobalSection
	GlobalSection(ProjectConfigurationPlatforms) = postSolution
		{F37EE159-18AF-49E8-ACD9-DE98CE57FB15}.Debug|Any CPU.ActiveCfg = Debug|Any CPU
		{F37EE159-18AF-49E8-ACD9-DE98CE57FB15}.Debug|Any CPU.Build.0 = Debug|Any CPU
		{F37EE159-18AF-49E8-ACD9-DE98CE57FB15}.Release|Any CPU.ActiveCfg = Release|Any CPU
		{F37EE159-18AF-49E8-ACD9-DE98CE57FB15}.Release|Any CPU.Build.0 = Release|Any CPU
	EndGlobalSection
	GlobalSection(SolutionProperties) = preSolution
		HideSolutionNode = FALSE
	EndGlobalSection
	GlobalSection(ExtensibilityGlobals) = postSolution
		SolutionGuid = {4CCE1247-78E6-45F1-801D-9A9770C4B7C7}
	EndGlobalSection
EndGlobal
