
Microsoft Visual Studio Solution File, Format Version 12.00
# Visual Studio Version 17
VisualStudioVersion = 17.6.33717.318
MinimumVisualStudioVersion = 10.0.40219.1
Project("{FAE04EC0-301F-11D3-BF4B-00C04F79EFBC}") = "MVCWithLinq1", "MVCWithLinq1\MVCWithLinq1.csproj", "{D694B2FD-CD5D-4B96-BCC3-2DE9C6B2223F}"
EndProject
Global
	GlobalSection(SolutionConfigurationPlatforms) = preSolution
		Debug|Any CPU = Debug|Any CPU
		Release|Any CPU = Release|Any CPU
	EndGlobalSection
	GlobalSection(ProjectConfigurationPlatforms) = postSolution
		{D694B2FD-CD5D-4B96-BCC3-2DE9C6B2223F}.Debug|Any CPU.ActiveCfg = Debug|Any CPU
		{D694B2FD-CD5D-4B96-BCC3-2DE9C6B2223F}.Debug|Any CPU.Build.0 = Debug|Any CPU
		{D694B2FD-CD5D-4B96-BCC3-2DE9C6B2223F}.Release|Any CPU.ActiveCfg = Release|Any CPU
		{D694B2FD-CD5D-4B96-BCC3-2DE9C6B2223F}.Release|Any CPU.Build.0 = Release|Any CPU
	EndGlobalSection
	GlobalSection(SolutionProperties) = preSolution
		HideSolutionNode = FALSE
	EndGlobalSection
	GlobalSection(ExtensibilityGlobals) = postSolution
		SolutionGuid = {9E442872-B85F-437F-AB23-9ACB6FD25F03}
	EndGlobalSection
EndGlobal
